# THIS IS AN AUTOGENERATED FILE. DO NOT EDIT THIS FILE DIRECTLY.
# yarn lockfile v1


"@carbon/colors@^0.0.1-alpha.12":
  version "0.0.1-alpha.12"
  resolved "https://registry.yarnpkg.com/@carbon/colors/-/colors-0.0.1-alpha.12.tgz#a68658d040a970c92e53566b8cdf4ce7a4f59ea2"
  integrity sha512-zx0ea0Y3Db294I7LkPSNuIFhSyZH0JZoyl9Rjv6ph9HU3r5MC7PibKJVVvwkHvdMTBVUuAs4zui1PEsUCMLNsQ==
