# THIS IS AN AUTOGENERATED FILE. DO NOT EDIT THIS FILE DIRECTLY.
# yarn lockfile v1


"@carbon/colors@^10.1.1":
  version "10.1.1"
  resolved "https://registry.yarnpkg.com/@carbon/colors/-/colors-10.1.1.tgz#854c33ccdf02ac319c06923268ba89cf83a58c93"
  integrity sha512-hni1iN0FUfQgnATqAT971WMAosl9YK7kQqp1V0vkF3d8rB/id+Y3K1GhDsXLKPfEAxdgE4+swGvID9tAY+a9kQ==
